
Microsoft Visual Studio Solution File, Format Version 12.00
# Visual Studio Version 17
VisualStudioVersion = 17.2.32519.379
MinimumVisualStudioVersion = 10.0.40219.1
Project("{FAE04EC0-301F-11D3-BF4B-00C04F79EFBC}") = "laba2", "laba2\laba2.csproj", "{9D23D483-8424-45B5-9D5D-200886F5D902}"
EndProject
Global
	GlobalSection(SolutionConfigurationPlatforms) = preSolution
		Debug|Any CPU = Debug|Any CPU
		Release|Any CPU = Release|Any CPU
	EndGlobalSection
	GlobalSection(ProjectConfigurationPlatforms) = postSolution
		{9D23D483-8424-45B5-9D5D-200886F5D902}.Debug|Any CPU.ActiveCfg = Debug|Any CPU
		{9D23D483-8424-45B5-9D5D-200886F5D902}.Debug|Any CPU.Build.0 = Debug|Any CPU
		{9D23D483-8424-45B5-9D5D-200886F5D902}.Release|Any CPU.ActiveCfg = Release|Any CPU
		{9D23D483-8424-45B5-9D5D-200886F5D902}.Release|Any CPU.Build.0 = Release|Any CPU
	EndGlobalSection
	GlobalSection(SolutionProperties) = preSolution
		HideSolutionNode = FALSE
	EndGlobalSection
	GlobalSection(ExtensibilityGlobals) = postSolution
		SolutionGuid = {63AC381D-97BF-4B0D-8605-C240A9A983BC}
	EndGlobalSection
EndGlobal
